
Microsoft Visual Studio Solution File, Format Version 12.00
# Visual Studio Version 17
VisualStudioVersion = 17.12.35209.166
MinimumVisualStudioVersion = 10.0.40219.1
Project("{FAE04EC0-301F-11D3-BF4B-00C04F79EFBC}") = "WindowsFormsApp1", "WindowsFormsApp1\WindowsFormsApp1.csproj", "{239055E9-3AD6-4C6D-850E-9540C39D9D7E}"
EndProject
Global
	GlobalSection(SolutionConfigurationPlatforms) = preSolution
		Debug|Any CPU = Debug|Any CPU
		Release|Any CPU = Release|Any CPU
	EndGlobalSection
	GlobalSection(ProjectConfigurationPlatforms) = postSolution
		{239055E9-3AD6-4C6D-850E-9540C39D9D7E}.Debug|Any CPU.ActiveCfg = Debug|Any CPU
		{239055E9-3AD6-4C6D-850E-9540C39D9D7E}.Debug|Any CPU.Build.0 = Debug|Any CPU
		{239055E9-3AD6-4C6D-850E-9540C39D9D7E}.Release|Any CPU.ActiveCfg = Release|Any CPU
		{239055E9-3AD6-4C6D-850E-9540C39D9D7E}.Release|Any CPU.Build.0 = Release|Any CPU
	EndGlobalSection
	GlobalSection(SolutionProperties) = preSolution
		HideSolutionNode = FALSE
	EndGlobalSection
	GlobalSection(ExtensibilityGlobals) = postSolution
		SolutionGuid = {99767F2E-80CD-40E5-A2B5-556FFB87DF14}
	EndGlobalSection
EndGlobal
